// !$*UTF8*$!
{
	archiveVersion = 1;
	classes = {
	};
	objectVersion = 55;
	objects = {

/* Begin PBXBuildFile section */
		57489F252826D693002C8E49 /* PlaceModel.swift in Sources */ = {isa = PBXBuildFile; fileRef = 57489F242826D692002C8E49 /* PlaceModel.swift */; };
		5796E85F2818489F00EED1F4 /* AppDelegate.swift in Sources */ = {isa = PBXBuildFile; fileRef = 5796E85E2818489F00EED1F4 /* AppDelegate.swift */; };
		5796E8612818489F00EED1F4 /* SceneDelegate.swift in Sources */ = {isa = PBXBuildFile; fileRef = 5796E8602818489F00EED1F4 /* SceneDelegate.swift */; };
		5796E8632818489F00EED1F4 /* MainViewController.swift in Sources */ = {isa = PBXBuildFile; fileRef = 5796E8622818489F00EED1F4 /* MainViewController.swift */; };
		5796E8662818489F00EED1F4 /* Main.storyboard in Resources */ = {isa = PBXBuildFile; fileRef = 5796E8642818489F00EED1F4 /* Main.storyboard */; };
		5796E868281848A100EED1F4 /* Assets.xcassets in Resources */ = {isa = PBXBuildFile; fileRef = 5796E867281848A100EED1F4 /* Assets.xcassets */; };
		5796E86B281848A100EED1F4 /* LaunchScreen.storyboard in Resources */ = {isa = PBXBuildFile; fileRef = 5796E869281848A100EED1F4 /* LaunchScreen.storyboard */; };
		5796E873281C424D00EED1F4 /* CustomTableViewCell.swift in Sources */ = {isa = PBXBuildFile; fileRef = 5796E872281C424C00EED1F4 /* CustomTableViewCell.swift */; };
		579BEFBC283E432D0073EB19 /* File.swift in Sources */ = {isa = PBXBuildFile; fileRef = 579BEFBB283E432D0073EB19 /* File.swift */; };
		579BEFBE283E4C320073EB19 /* PhotoCameraAlert.swift in Sources */ = {isa = PBXBuildFile; fileRef = 579BEFBD283E4C320073EB19 /* PhotoCameraAlert.swift */; };
		579FCD692836E629001B2071 /* NewPlaceViewController.swift in Sources */ = {isa = PBXBuildFile; fileRef = 579FCD682836E629001B2071 /* NewPlaceViewController.swift */; };
/* End PBXBuildFile section */

/* Begin PBXFileReference section */
		57489F242826D692002C8E49 /* PlaceModel.swift */ = {isa = PBXFileReference; lastKnownFileType = sourcecode.swift; path = PlaceModel.swift; sourceTree = "<group>"; };
		5796E85B2818489F00EED1F4 /* MyPlaces.app */ = {isa = PBXFileReference; explicitFileType = wrapper.application; includeInIndex = 0; path = MyPlaces.app; sourceTree = BUILT_PRODUCTS_DIR; };
		5796E85E2818489F00EED1F4 /* AppDelegate.swift */ = {isa = PBXFileReference; lastKnownFileType = sourcecode.swift; path = AppDelegate.swift; sourceTree = "<group>"; };
		5796E8602818489F00EED1F4 /* SceneDelegate.swift */ = {isa = PBXFileReference; lastKnownFileType = sourcecode.swift; path = SceneDelegate.swift; sourceTree = "<group>"; };
		5796E8622818489F00EED1F4 /* MainViewController.swift */ = {isa = PBXFileReference; lastKnownFileType = sourcecode.swift; path = MainViewController.swift; sourceTree = "<group>"; };
		5796E8652818489F00EED1F4 /* Base */ = {isa = PBXFileReference; lastKnownFileType = file.storyboard; name = Base; path = Base.lproj/Main.storyboard; sourceTree = "<group>"; };
		5796E867281848A100EED1F4 /* Assets.xcassets */ = {isa = PBXFileReference; lastKnownFileType = folder.assetcatalog; path = Assets.xcassets; sourceTree = "<group>"; };
		5796E86A281848A100EED1F4 /* Base */ = {isa = PBXFileReference; lastKnownFileType = file.storyboard; name = Base; path = Base.lproj/LaunchScreen.storyboard; sourceTree = "<group>"; };
		5796E86C281848A100EED1F4 /* Info.plist */ = {isa = PBXFileReference; lastKnownFileType = text.plist.xml; path = Info.plist; sourceTree = "<group>"; };
		5796E872281C424C00EED1F4 /* CustomTableViewCell.swift */ = {isa = PBXFileReference; lastKnownFileType = sourcecode.swift; path = CustomTableViewCell.swift; sourceTree = "<group>"; };
		579BEFBB283E432D0073EB19 /* File.swift */ = {isa = PBXFileReference; lastKnownFileType = sourcecode.swift; path = File.swift; sourceTree = "<group>"; };
		579BEFBD283E4C320073EB19 /* PhotoCameraAlert.swift */ = {isa = PBXFileReference; lastKnownFileType = sourcecode.swift; path = PhotoCameraAlert.swift; sourceTree = "<group>"; };
		579FCD682836E629001B2071 /* NewPlaceViewController.swift */ = {isa = PBXFileReference; lastKnownFileType = sourcecode.swift; path = NewPlaceViewController.swift; sourceTree = "<group>"; };
/* End PBXFileReference section */

/* Begin PBXFrameworksBuildPhase section */
		5796E8582818489F00EED1F4 /* Frameworks */ = {
			isa = PBXFrameworksBuildPhase;
			buildActionMask = 2147483647;
			files = (
			);
			runOnlyForDeploymentPostprocessing = 0;
		};
/* End PBXFrameworksBuildPhase section */

/* Begin PBXGroup section */
		5796E8522818489F00EED1F4 = {
			isa = PBXGroup;
			children = (
				5796E85D2818489F00EED1F4 /* MyPlaces */,
				5796E85C2818489F00EED1F4 /* Products */,
			);
			sourceTree = "<group>";
		};
		5796E85C2818489F00EED1F4 /* Products */ = {
			isa = PBXGroup;
			children = (
				5796E85B2818489F00EED1F4 /* MyPlaces.app */,
			);
			name = Products;
			sourceTree = "<group>";
		};
		5796E85D2818489F00EED1F4 /* MyPlaces */ = {
			isa = PBXGroup;
			children = (
				579BEFB7283CFE310073EB19 /* SupportFiles */,
				579BEFB8283CFE420073EB19 /* Storyboard */,
				579BEFB6283CFE170073EB19 /* ViewControllers */,
				579BEFBF283E4C360073EB19 /* Alert */,
				579BEFBA283CFE640073EB19 /* Model */,
				579BEFB9283CFE5D0073EB19 /* Resources */,
			);
			path = MyPlaces;
			sourceTree = "<group>";
		};
		579BEFB6283CFE170073EB19 /* ViewControllers */ = {
			isa = PBXGroup;
			children = (
				5796E872281C424C00EED1F4 /* CustomTableViewCell.swift */,
				5796E8622818489F00EED1F4 /* MainViewController.swift */,
				579FCD682836E629001B2071 /* NewPlaceViewController.swift */,
				579BEFBB283E432D0073EB19 /* File.swift */,
			);
			path = ViewControllers;
			sourceTree = "<group>";
		};
		579BEFB7283CFE310073EB19 /* SupportFiles */ = {
			isa = PBXGroup;
			children = (
				5796E85E2818489F00EED1F4 /* AppDelegate.swift */,
				5796E8602818489F00EED1F4 /* SceneDelegate.swift */,
				5796E86C281848A100EED1F4 /* Info.plist */,
			);
			path = SupportFiles;
			sourceTree = "<group>";
		};
		579BEFB8283CFE420073EB19 /* Storyboard */ = {
			isa = PBXGroup;
			children = (
				5796E8642818489F00EED1F4 /* Main.storyboard */,
				5796E869281848A100EED1F4 /* LaunchScreen.storyboard */,
			);
			path = Storyboard;
			sourceTree = "<group>";
		};
		579BEFB9283CFE5D0073EB19 /* Resources */ = {
			isa = PBXGroup;
			children = (
				5796E867281848A100EED1F4 /* Assets.xcassets */,
			);
			path = Resources;
			sourceTree = "<group>";
		};
		579BEFBA283CFE640073EB19 /* Model */ = {
			isa = PBXGroup;
			children = (
				57489F242826D692002C8E49 /* PlaceModel.swift */,
			);
			path = Model;
			sourceTree = "<group>";
		};
		579BEFBF283E4C360073EB19 /* Alert */ = {
			isa = PBXGroup;
			children = (
				579BEFBD283E4C320073EB19 /* PhotoCameraAlert.swift */,
			);
			path = Alert;
			sourceTree = "<group>";
		};
/* End PBXGroup section */

/* Begin PBXNativeTarget section */
		5796E85A2818489F00EED1F4 /* MyPlaces */ = {
			isa = PBXNativeTarget;
			buildConfigurationList = 5796E86F281848A100EED1F4 /* Build configuration list for PBXNativeTarget "MyPlaces" */;
			buildPhases = (
				5796E8572818489F00EED1F4 /* Sources */,
				5796E8582818489F00EED1F4 /* Frameworks */,
				5796E8592818489F00EED1F4 /* Resources */,
			);
			buildRules = (
			);
			dependencies = (
			);
			name = MyPlaces;
			productName = MyPlaces;
			productReference = 5796E85B2818489F00EED1F4 /* MyPlaces.app */;
			productType = "com.apple.product-type.application";
		};
/* End PBXNativeTarget section */

/* Begin PBXProject section */
		5796E8532818489F00EED1F4 /* Project object */ = {
			isa = PBXProject;
			attributes = {
				BuildIndependentTargetsInParallel = 1;
				LastSwiftUpdateCheck = 1330;
				LastUpgradeCheck = 1330;
				TargetAttributes = {
					5796E85A2818489F00EED1F4 = {
						CreatedOnToolsVersion = 13.3.1;
					};
				};
			};
			buildConfigurationList = 5796E8562818489F00EED1F4 /* Build configuration list for PBXProject "MyPlaces" */;
			compatibilityVersion = "Xcode 13.0";
			developmentRegion = en;
			hasScannedForEncodings = 0;
			knownRegions = (
				en,
				Base,
			);
			mainGroup = 5796E8522818489F00EED1F4;
			productRefGroup = 5796E85C2818489F00EED1F4 /* Products */;
			projectDirPath = "";
			projectRoot = "";
			targets = (
				5796E85A2818489F00EED1F4 /* MyPlaces */,
			);
		};
/* End PBXProject section */

/* Begin PBXResourcesBuildPhase section */
		5796E8592818489F00EED1F4 /* Resources */ = {
			isa = PBXResourcesBuildPhase;
			buildActionMask = 2147483647;
			files = (
				5796E86B281848A100EED1F4 /* LaunchScreen.storyboard in Resources */,
				5796E868281848A100EED1F4 /* Assets.xcassets in Resources */,
				5796E8662818489F00EED1F4 /* Main.storyboard in Resources */,
			);
			runOnlyForDeploymentPostprocessing = 0;
		};
/* End PBXResourcesBuildPhase section */

/* Begin PBXSourcesBuildPhase section */
		5796E8572818489F00EED1F4 /* Sources */ = {
			isa = PBXSourcesBuildPhase;
			buildActionMask = 2147483647;
			files = (
				579FCD692836E629001B2071 /* NewPlaceViewController.swift in Sources */,
				5796E8632818489F00EED1F4 /* MainViewController.swift in Sources */,
				579BEFBC283E432D0073EB19 /* File.swift in Sources */,
				5796E873281C424D00EED1F4 /* CustomTableViewCell.swift in Sources */,
				579BEFBE283E4C320073EB19 /* PhotoCameraAlert.swift in Sources */,
				57489F252826D693002C8E49 /* PlaceModel.swift in Sources */,
				5796E85F2818489F00EED1F4 /* AppDelegate.swift in Sources */,
				5796E8612818489F00EED1F4 /* SceneDelegate.swift in Sources */,
			);
			runOnlyForDeploymentPostprocessing = 0;
		};
/* End PBXSourcesBuildPhase section */

/* Begin PBXVariantGroup section */
		5796E8642818489F00EED1F4 /* Main.storyboard */ = {
			isa = PBXVariantGroup;
			children = (
				5796E8652818489F00EED1F4 /* Base */,
			);
			name = Main.storyboard;
			sourceTree = "<group>";
		};
		5796E869281848A100EED1F4 /* LaunchScreen.storyboard */ = {
			isa = PBXVariantGroup;
			children = (
				5796E86A281848A100EED1F4 /* Base */,
			);
			name = LaunchScreen.storyboard;
			sourceTree = "<group>";
		};
/* End PBXVariantGroup section */

/* Begin XCBuildConfiguration section */
		5796E86D281848A100EED1F4 /* Debug */ = {
			isa = XCBuildConfiguration;
			buildSettings = {
				ALWAYS_SEARCH_USER_PATHS = NO;
				CLANG_ANALYZER_NONNULL = YES;
				CLANG_ANALYZER_NUMBER_OBJECT_CONVERSION = YES_AGGRESSIVE;
				CLANG_CXX_LANGUAGE_STANDARD = "gnu++17";
				CLANG_ENABLE_MODULES = YES;
				CLANG_ENABLE_OBJC_ARC = YES;
				CLANG_ENABLE_OBJC_WEAK = YES;
				CLANG_WARN_BLOCK_CAPTURE_AUTORELEASING = YES;
				CLANG_WARN_BOOL_CONVERSION = YES;
				CLANG_WARN_COMMA = YES;
				CLANG_WARN_CONSTANT_CONVERSION = YES;
				CLANG_WARN_DEPRECATED_OBJC_IMPLEMENTATIONS = YES;
				CLANG_WARN_DIRECT_OBJC_ISA_USAGE = YES_ERROR;
				CLANG_WARN_DOCUMENTATION_COMMENTS = YES;
				CLANG_WARN_EMPTY_BODY = YES;
				CLANG_WARN_ENUM_CONVERSION = YES;
				CLANG_WARN_INFINITE_RECURSION = YES;
				CLANG_WARN_INT_CONVERSION = YES;
				CLANG_WARN_NON_LITERAL_NULL_CONVERSION = YES;
				CLANG_WARN_OBJC_IMPLICIT_RETAIN_SELF = YES;
				CLANG_WARN_OBJC_LITERAL_CONVERSION = YES;
				CLANG_WARN_OBJC_ROOT_CLASS = YES_ERROR;
				CLANG_WARN_QUOTED_INCLUDE_IN_FRAMEWORK_HEADER = YES;
				CLANG_WARN_RANGE_LOOP_ANALYSIS = YES;
				CLANG_WARN_STRICT_PROTOTYPES = YES;
				CLANG_WARN_SUSPICIOUS_MOVE = YES;
				CLANG_WARN_UNGUARDED_AVAILABILITY = YES_AGGRESSIVE;
				CLANG_WARN_UNREACHABLE_CODE = YES;
				CLANG_WARN__DUPLICATE_METHOD_MATCH = YES;
				COPY_PHASE_STRIP = NO;
				DEBUG_INFORMATION_FORMAT = dwarf;
				ENABLE_STRICT_OBJC_MSGSEND = YES;
				ENABLE_TESTABILITY = YES;
				GCC_C_LANGUAGE_STANDARD = gnu11;
				GCC_DYNAMIC_NO_PIC = NO;
				GCC_NO_COMMON_BLOCKS = YES;
				GCC_OPTIMIZATION_LEVEL = 0;
				GCC_PREPROCESSOR_DEFINITIONS = (
					"DEBUG=1",
					"$(inherited)",
				);
				GCC_WARN_64_TO_32_BIT_CONVERSION = YES;
				GCC_WARN_ABOUT_RETURN_TYPE = YES_ERROR;
				GCC_WARN_UNDECLARED_SELECTOR = YES;
				GCC_WARN_UNINITIALIZED_AUTOS = YES_AGGRESSIVE;
				GCC_WARN_UNUSED_FUNCTION = YES;
				GCC_WARN_UNUSED_VARIABLE = YES;
				IPHONEOS_DEPLOYMENT_TARGET = 15.4;
				MTL_ENABLE_DEBUG_INFO = INCLUDE_SOURCE;
				MTL_FAST_MATH = YES;
				ONLY_ACTIVE_ARCH = YES;
				SDKROOT = iphoneos;
				SWIFT_ACTIVE_COMPILATION_CONDITIONS = DEBUG;
				SWIFT_OPTIMIZATION_LEVEL = "-Onone";
			};
			name = Debug;
		};
		5796E86E281848A100EED1F4 /* Release */ = {
			isa = XCBuildConfiguration;
			buildSettings = {
				ALWAYS_SEARCH_USER_PATHS = NO;
				CLANG_ANALYZER_NONNULL = YES;
				CLANG_ANALYZER_NUMBER_OBJECT_CONVERSION = YES_AGGRESSIVE;
				CLANG_CXX_LANGUAGE_STANDARD = "gnu++17";
				CLANG_ENABLE_MODULES = YES;
				CLANG_ENABLE_OBJC_ARC = YES;
				CLANG_ENABLE_OBJC_WEAK = YES;
				CLANG_WARN_BLOCK_CAPTURE_AUTORELEASING = YES;
				CLANG_WARN_BOOL_CONVERSION = YES;
				CLANG_WARN_COMMA = YES;
				CLANG_WARN_CONSTANT_CONVERSION = YES;
				CLANG_WARN_DEPRECATED_OBJC_IMPLEMENTATIONS = YES;
				CLANG_WARN_DIRECT_OBJC_ISA_USAGE = YES_ERROR;
				CLANG_WARN_DOCUMENTATION_COMMENTS = YES;
				CLANG_WARN_EMPTY_BODY = YES;
				CLANG_WARN_ENUM_CONVERSION = YES;
				CLANG_WARN_INFINITE_RECURSION = YES;
				CLANG_WARN_INT_CONVERSION = YES;
				CLANG_WARN_NON_LITERAL_NULL_CONVERSION = YES;
				CLANG_WARN_OBJC_IMPLICIT_RETAIN_SELF = YES;
				CLANG_WARN_OBJC_LITERAL_CONVERSION = YES;
				CLANG_WARN_OBJC_ROOT_CLASS = YES_ERROR;
				CLANG_WARN_QUOTED_INCLUDE_IN_FRAMEWORK_HEADER = YES;
				CLANG_WARN_RANGE_LOOP_ANALYSIS = YES;
				CLANG_WARN_STRICT_PROTOTYPES = YES;
				CLANG_WARN_SUSPICIOUS_MOVE = YES;
				CLANG_WARN_UNGUARDED_AVAILABILITY = YES_AGGRESSIVE;
				CLANG_WARN_UNREACHABLE_CODE = YES;
				CLANG_WARN__DUPLICATE_METHOD_MATCH = YES;
				COPY_PHASE_STRIP = NO;
				DEBUG_INFORMATION_FORMAT = "dwarf-with-dsym";
				ENABLE_NS_ASSERTIONS = NO;
				ENABLE_STRICT_OBJC_MSGSEND = YES;
				GCC_C_LANGUAGE_STANDARD = gnu11;
				GCC_NO_COMMON_BLOCKS = YES;
				GCC_WARN_64_TO_32_BIT_CONVERSION = YES;
				GCC_WARN_ABOUT_RETURN_TYPE = YES_ERROR;
				GCC_WARN_UNDECLARED_SELECTOR = YES;
				GCC_WARN_UNINITIALIZED_AUTOS = YES_AGGRESSIVE;
				GCC_WARN_UNUSED_FUNCTION = YES;
				GCC_WARN_UNUSED_VARIABLE = YES;
				IPHONEOS_DEPLOYMENT_TARGET = 15.4;
				MTL_ENABLE_DEBUG_INFO = NO;
				MTL_FAST_MATH = YES;
				SDKROOT = iphoneos;
				SWIFT_COMPILATION_MODE = wholemodule;
				SWIFT_OPTIMIZATION_LEVEL = "-O";
				VALIDATE_PRODUCT = YES;
			};
			name = Release;
		};
		5796E870281848A100EED1F4 /* Debug */ = {
			isa = XCBuildConfiguration;
			buildSettings = {
				ASSETCATALOG_COMPILER_APPICON_NAME = AppIcon;
				ASSETCATALOG_COMPILER_GLOBAL_ACCENT_COLOR_NAME = AccentColor;
				CODE_SIGN_STYLE = Automatic;
				CURRENT_PROJECT_VERSION = 1;
				GENERATE_INFOPLIST_FILE = YES;
				INFOPLIST_FILE = MyPlaces/SupportFiles/Info.plist;
				INFOPLIST_KEY_UIApplicationSupportsIndirectInputEvents = YES;
				INFOPLIST_KEY_UILaunchStoryboardName = LaunchScreen;
				INFOPLIST_KEY_UIMainStoryboardFile = Main;
				INFOPLIST_KEY_UISupportedInterfaceOrientations_iPad = "UIInterfaceOrientationPortrait UIInterfaceOrientationPortraitUpsideDown UIInterfaceOrientationLandscapeLeft UIInterfaceOrientationLandscapeRight";
				INFOPLIST_KEY_UISupportedInterfaceOrientations_iPhone = "UIInterfaceOrientationPortrait UIInterfaceOrientationLandscapeLeft UIInterfaceOrientationLandscapeRight";
				LD_RUNPATH_SEARCH_PATHS = (
					"$(inherited)",
					"@executable_path/Frameworks",
				);
				MARKETING_VERSION = 1.0;
				PRODUCT_BUNDLE_IDENTIFIER = Victor.MyPlaces;
				PRODUCT_NAME = "$(TARGET_NAME)";
				SWIFT_EMIT_LOC_STRINGS = YES;
				SWIFT_VERSION = 5.0;
				TARGETED_DEVICE_FAMILY = "1,2";
			};
			name = Debug;
		};
		5796E871281848A100EED1F4 /* Release */ = {
			isa = XCBuildConfiguration;
			buildSettings = {
				ASSETCATALOG_COMPILER_APPICON_NAME = AppIcon;
				ASSETCATALOG_COMPILER_GLOBAL_ACCENT_COLOR_NAME = AccentColor;
				CODE_SIGN_STYLE = Automatic;
				CURRENT_PROJECT_VERSION = 1;
				GENERATE_INFOPLIST_FILE = YES;
				INFOPLIST_FILE = MyPlaces/SupportFiles/Info.plist;
				INFOPLIST_KEY_UIApplicationSupportsIndirectInputEvents = YES;
				INFOPLIST_KEY_UILaunchStoryboardName = LaunchScreen;
				INFOPLIST_KEY_UIMainStoryboardFile = Main;
				INFOPLIST_KEY_UISupportedInterfaceOrientations_iPad = "UIInterfaceOrientationPortrait UIInterfaceOrientationPortraitUpsideDown UIInterfaceOrientationLandscapeLeft UIInterfaceOrientationLandscapeRight";
				INFOPLIST_KEY_UISupportedInterfaceOrientations_iPhone = "UIInterfaceOrientationPortrait UIInterfaceOrientationLandscapeLeft UIInterfaceOrientationLandscapeRight";
				LD_RUNPATH_SEARCH_PATHS = (
					"$(inherited)",
					"@executable_path/Frameworks",
				);
				MARKETING_VERSION = 1.0;
				PRODUCT_BUNDLE_IDENTIFIER = Victor.MyPlaces;
				PRODUCT_NAME = "$(TARGET_NAME)";
				SWIFT_EMIT_LOC_STRINGS = YES;
				SWIFT_VERSION = 5.0;
				TARGETED_DEVICE_FAMILY = "1,2";
			};
			name = Release;
		};
/* End XCBuildConfiguration section */

/* Begin XCConfigurationList section */
		5796E8562818489F00EED1F4 /* Build configuration list for PBXProject "MyPlaces" */ = {
			isa = XCConfigurationList;
			buildConfigurations = (
				5796E86D281848A100EED1F4 /* Debug */,
				5796E86E281848A100EED1F4 /* Release */,
			);
			defaultConfigurationIsVisible = 0;
			defaultConfigurationName = Release;
		};
		5796E86F281848A100EED1F4 /* Build configuration list for PBXNativeTarget "MyPlaces" */ = {
			isa = XCConfigurationList;
			buildConfigurations = (
				5796E870281848A100EED1F4 /* Debug */,
				5796E871281848A100EED1F4 /* Release */,
			);
			defaultConfigurationIsVisible = 0;
			defaultConfigurationName = Release;
		};
/* End XCConfigurationList section */
	};
	rootObject = 5796E8532818489F00EED1F4 /* Project object */;
}
